
Microsoft Visual Studio Solution File, Format Version 12.00
# Visual Studio Version 17
VisualStudioVersion = 17.9.34607.119
MinimumVisualStudioVersion = 10.0.40219.1
Project("{FAE04EC0-301F-11D3-BF4B-00C04F79EFBC}") = "WebApp", "WebApp\WebApp.csproj", "{52F3E3A3-E704-4E64-AFB5-78831DCABB3D}"
EndProject
Project("{2150E333-8FDC-42A3-9474-1A3956D46DE8}") = "Api", "Api", "{4995598E-05A1-4DCC-B501-D7D76FFDF52A}"
EndProject
Project("{FAE04EC0-301F-11D3-BF4B-00C04F79EFBC}") = "WebApp.Client", "WebApp.Client\WebApp.Client.csproj", "{01F2FF71-CD2E-41E6-8E7C-B3A8BA5DA99E}"
EndProject
Project("{2150E333-8FDC-42A3-9474-1A3956D46DE8}") = "UI", "UI", "{7EC62611-0345-4CC9-9A13-3EB2A92FF2A2}"
EndProject
Project("{FAE04EC0-301F-11D3-BF4B-00C04F79EFBC}") = "WebAppUI", "WebAppUI\WebAppUI.csproj", "{695166F2-4DF7-4B3F-85E3-42469ECF212E}"
EndProject
Global
	GlobalSection(SolutionConfigurationPlatforms) = preSolution
		Debug|Any CPU = Debug|Any CPU
		Release|Any CPU = Release|Any CPU
	EndGlobalSection
	GlobalSection(ProjectConfigurationPlatforms) = postSolution
		{52F3E3A3-E704-4E64-AFB5-78831DCABB3D}.Debug|Any CPU.ActiveCfg = Debug|Any CPU
		{52F3E3A3-E704-4E64-AFB5-78831DCABB3D}.Debug|Any CPU.Build.0 = Debug|Any CPU
		{52F3E3A3-E704-4E64-AFB5-78831DCABB3D}.Release|Any CPU.ActiveCfg = Release|Any CPU
		{52F3E3A3-E704-4E64-AFB5-78831DCABB3D}.Release|Any CPU.Build.0 = Release|Any CPU
		{01F2FF71-CD2E-41E6-8E7C-B3A8BA5DA99E}.Debug|Any CPU.ActiveCfg = Debug|Any CPU
		{01F2FF71-CD2E-41E6-8E7C-B3A8BA5DA99E}.Debug|Any CPU.Build.0 = Debug|Any CPU
		{01F2FF71-CD2E-41E6-8E7C-B3A8BA5DA99E}.Release|Any CPU.ActiveCfg = Release|Any CPU
		{01F2FF71-CD2E-41E6-8E7C-B3A8BA5DA99E}.Release|Any CPU.Build.0 = Release|Any CPU
		{695166F2-4DF7-4B3F-85E3-42469ECF212E}.Debug|Any CPU.ActiveCfg = Debug|Any CPU
		{695166F2-4DF7-4B3F-85E3-42469ECF212E}.Debug|Any CPU.Build.0 = Debug|Any CPU
		{695166F2-4DF7-4B3F-85E3-42469ECF212E}.Release|Any CPU.ActiveCfg = Release|Any CPU
		{695166F2-4DF7-4B3F-85E3-42469ECF212E}.Release|Any CPU.Build.0 = Release|Any CPU
	EndGlobalSection
	GlobalSection(SolutionProperties) = preSolution
		HideSolutionNode = FALSE
	EndGlobalSection
	GlobalSection(NestedProjects) = preSolution
		{52F3E3A3-E704-4E64-AFB5-78831DCABB3D} = {4995598E-05A1-4DCC-B501-D7D76FFDF52A}
		{01F2FF71-CD2E-41E6-8E7C-B3A8BA5DA99E} = {4995598E-05A1-4DCC-B501-D7D76FFDF52A}
		{695166F2-4DF7-4B3F-85E3-42469ECF212E} = {7EC62611-0345-4CC9-9A13-3EB2A92FF2A2}
	EndGlobalSection
	GlobalSection(ExtensibilityGlobals) = postSolution
		SolutionGuid = {EE579A18-CF36-4A65-8782-9E33AC0C005A}
	EndGlobalSection
EndGlobal
